
Microsoft Visual Studio Solution File, Format Version 12.00
# Visual Studio Express 2013 for Web
VisualStudioVersion = 12.0.40629.0
MinimumVisualStudioVersion = 10.0.40219.1
Project("{FAE04EC0-301F-11D3-BF4B-00C04F79EFBC}") = "DemoWepAPI_3", "DemoWepAPI_3\DemoWepAPI_3.csproj", "{305D340C-06D2-46F5-BE13-266B9027CF6D}"
EndProject
Project("{FAE04EC0-301F-11D3-BF4B-00C04F79EFBC}") = "ConsumerDemoWebAPI", "ConsumerDemoWebAPI\ConsumerDemoWebAPI.csproj", "{4156CA0F-38B7-42D5-85BA-DBFE53B0CE21}"
EndProject
Global
	GlobalSection(SolutionConfigurationPlatforms) = preSolution
		Debug|Any CPU = Debug|Any CPU
		Release|Any CPU = Release|Any CPU
	EndGlobalSection
	GlobalSection(ProjectConfigurationPlatforms) = postSolution
		{305D340C-06D2-46F5-BE13-266B9027CF6D}.Debug|Any CPU.ActiveCfg = Debug|Any CPU
		{305D340C-06D2-46F5-BE13-266B9027CF6D}.Debug|Any CPU.Build.0 = Debug|Any CPU
		{305D340C-06D2-46F5-BE13-266B9027CF6D}.Release|Any CPU.ActiveCfg = Release|Any CPU
		{305D340C-06D2-46F5-BE13-266B9027CF6D}.Release|Any CPU.Build.0 = Release|Any CPU
		{4156CA0F-38B7-42D5-85BA-DBFE53B0CE21}.Debug|Any CPU.ActiveCfg = Debug|Any CPU
		{4156CA0F-38B7-42D5-85BA-DBFE53B0CE21}.Debug|Any CPU.Build.0 = Debug|Any CPU
		{4156CA0F-38B7-42D5-85BA-DBFE53B0CE21}.Release|Any CPU.ActiveCfg = Release|Any CPU
		{4156CA0F-38B7-42D5-85BA-DBFE53B0CE21}.Release|Any CPU.Build.0 = Release|Any CPU
	EndGlobalSection
	GlobalSection(SolutionProperties) = preSolution
		HideSolutionNode = FALSE
	EndGlobalSection
EndGlobal
